
Microsoft Visual Studio Solution File, Format Version 12.00
# Visual Studio Version 17
VisualStudioVersion = 17.9.34728.123
MinimumVisualStudioVersion = 10.0.40219.1
Project("{FAE04EC0-301F-11D3-BF4B-00C04F79EFBC}") = "TesteCoordly", "TesteCoordly\TesteCoordly.csproj", "{F1AC7431-50A0-4D85-BC8A-8100A419B88B}"
EndProject
Project("{FAE04EC0-301F-11D3-BF4B-00C04F79EFBC}") = "TesteCoordly.Domain", "Domain\TesteCoordly.Domain.csproj", "{020F7C45-9317-4785-8836-C70DA38423BF}"
EndProject
Project("{FAE04EC0-301F-11D3-BF4B-00C04F79EFBC}") = "TesteCoordly.Infra", "TesteCoordly.Infra\TesteCoordly.Infra.csproj", "{47EADA21-BA11-4C7C-95B4-B89CCB5C5027}"
EndProject
Project("{FAE04EC0-301F-11D3-BF4B-00C04F79EFBC}") = "TesteCoordly.Application.Core", "TesteCoordly.Application.Core\TesteCoordly.Application.Core.csproj", "{6C01E642-B34F-4166-8A31-87AD0FD10DB2}"
EndProject
Global
	GlobalSection(SolutionConfigurationPlatforms) = preSolution
		Debug|Any CPU = Debug|Any CPU
		Release|Any CPU = Release|Any CPU
	EndGlobalSection
	GlobalSection(ProjectConfigurationPlatforms) = postSolution
		{F1AC7431-50A0-4D85-BC8A-8100A419B88B}.Debug|Any CPU.ActiveCfg = Debug|Any CPU
		{F1AC7431-50A0-4D85-BC8A-8100A419B88B}.Debug|Any CPU.Build.0 = Debug|Any CPU
		{F1AC7431-50A0-4D85-BC8A-8100A419B88B}.Release|Any CPU.ActiveCfg = Release|Any CPU
		{F1AC7431-50A0-4D85-BC8A-8100A419B88B}.Release|Any CPU.Build.0 = Release|Any CPU
		{020F7C45-9317-4785-8836-C70DA38423BF}.Debug|Any CPU.ActiveCfg = Debug|Any CPU
		{020F7C45-9317-4785-8836-C70DA38423BF}.Debug|Any CPU.Build.0 = Debug|Any CPU
		{020F7C45-9317-4785-8836-C70DA38423BF}.Release|Any CPU.ActiveCfg = Release|Any CPU
		{020F7C45-9317-4785-8836-C70DA38423BF}.Release|Any CPU.Build.0 = Release|Any CPU
		{47EADA21-BA11-4C7C-95B4-B89CCB5C5027}.Debug|Any CPU.ActiveCfg = Debug|Any CPU
		{47EADA21-BA11-4C7C-95B4-B89CCB5C5027}.Debug|Any CPU.Build.0 = Debug|Any CPU
		{47EADA21-BA11-4C7C-95B4-B89CCB5C5027}.Release|Any CPU.ActiveCfg = Release|Any CPU
		{47EADA21-BA11-4C7C-95B4-B89CCB5C5027}.Release|Any CPU.Build.0 = Release|Any CPU
		{6C01E642-B34F-4166-8A31-87AD0FD10DB2}.Debug|Any CPU.ActiveCfg = Debug|Any CPU
		{6C01E642-B34F-4166-8A31-87AD0FD10DB2}.Debug|Any CPU.Build.0 = Debug|Any CPU
		{6C01E642-B34F-4166-8A31-87AD0FD10DB2}.Release|Any CPU.ActiveCfg = Release|Any CPU
		{6C01E642-B34F-4166-8A31-87AD0FD10DB2}.Release|Any CPU.Build.0 = Release|Any CPU
	EndGlobalSection
	GlobalSection(SolutionProperties) = preSolution
		HideSolutionNode = FALSE
	EndGlobalSection
	GlobalSection(ExtensibilityGlobals) = postSolution
		SolutionGuid = {167C688D-67DE-446F-ACBA-63EE82DB6465}
	EndGlobalSection
EndGlobal
